
Microsoft Visual Studio Solution File, Format Version 12.00
# Visual Studio Version 17
VisualStudioVersion = 17.8.34330.188
MinimumVisualStudioVersion = 10.0.40219.1
Project("{9A19103F-16F7-4668-BE54-9A1E7A4F7556}") = "SerialPortExample", "SerialPortExample.csproj", "{7AD44C07-2E81-42F3-9BC1-7D6FC07CB1DD}"
EndProject
Project("{FAE04EC0-301F-11D3-BF4B-00C04F79EFBC}") = "WebSocketExample", "WebSocketExample\WebSocketExample.csproj", "{5312F68B-80BF-4645-BCA7-31A6577325F7}"
EndProject
Project("{FAE04EC0-301F-11D3-BF4B-00C04F79EFBC}") = "ClientSerialWebSocket", "ClientSerialWebSocket\ClientSerialWebSocket.csproj", "{17FB0AB6-8FFB-41A5-8038-6B35B433CCB6}"
EndProject
Project("{FAE04EC0-301F-11D3-BF4B-00C04F79EFBC}") = "ConsolaSerialWebSocketExample", "ConsolaSerialWebSocketExample\ConsolaSerialWebSocketExample.csproj", "{7F9C9AF0-55F2-476E-993E-82AB7F86CA58}"
EndProject
Global
	GlobalSection(SolutionConfigurationPlatforms) = preSolution
		Debug|Any CPU = Debug|Any CPU
		Release|Any CPU = Release|Any CPU
	EndGlobalSection
	GlobalSection(ProjectConfigurationPlatforms) = postSolution
		{7AD44C07-2E81-42F3-9BC1-7D6FC07CB1DD}.Debug|Any CPU.ActiveCfg = Debug|Any CPU
		{7AD44C07-2E81-42F3-9BC1-7D6FC07CB1DD}.Debug|Any CPU.Build.0 = Debug|Any CPU
		{7AD44C07-2E81-42F3-9BC1-7D6FC07CB1DD}.Release|Any CPU.ActiveCfg = Release|Any CPU
		{7AD44C07-2E81-42F3-9BC1-7D6FC07CB1DD}.Release|Any CPU.Build.0 = Release|Any CPU
		{5312F68B-80BF-4645-BCA7-31A6577325F7}.Debug|Any CPU.ActiveCfg = Debug|Any CPU
		{5312F68B-80BF-4645-BCA7-31A6577325F7}.Debug|Any CPU.Build.0 = Debug|Any CPU
		{5312F68B-80BF-4645-BCA7-31A6577325F7}.Release|Any CPU.ActiveCfg = Release|Any CPU
		{5312F68B-80BF-4645-BCA7-31A6577325F7}.Release|Any CPU.Build.0 = Release|Any CPU
		{17FB0AB6-8FFB-41A5-8038-6B35B433CCB6}.Debug|Any CPU.ActiveCfg = Debug|Any CPU
		{17FB0AB6-8FFB-41A5-8038-6B35B433CCB6}.Debug|Any CPU.Build.0 = Debug|Any CPU
		{17FB0AB6-8FFB-41A5-8038-6B35B433CCB6}.Release|Any CPU.ActiveCfg = Release|Any CPU
		{17FB0AB6-8FFB-41A5-8038-6B35B433CCB6}.Release|Any CPU.Build.0 = Release|Any CPU
		{7F9C9AF0-55F2-476E-993E-82AB7F86CA58}.Debug|Any CPU.ActiveCfg = Debug|Any CPU
		{7F9C9AF0-55F2-476E-993E-82AB7F86CA58}.Debug|Any CPU.Build.0 = Debug|Any CPU
		{7F9C9AF0-55F2-476E-993E-82AB7F86CA58}.Release|Any CPU.ActiveCfg = Release|Any CPU
		{7F9C9AF0-55F2-476E-993E-82AB7F86CA58}.Release|Any CPU.Build.0 = Release|Any CPU
	EndGlobalSection
	GlobalSection(SolutionProperties) = preSolution
		HideSolutionNode = FALSE
	EndGlobalSection
	GlobalSection(ExtensibilityGlobals) = postSolution
		SolutionGuid = {F5D51B30-CCDA-4966-AE6F-094F4451D318}
	EndGlobalSection
EndGlobal
